
Microsoft Visual Studio Solution File, Format Version 12.00
# Visual Studio Version 16
VisualStudioVersion = 16.0.29905.134
MinimumVisualStudioVersion = 10.0.40219.1
Project("{9A19103F-16F7-4668-BE54-9A1E7A4F7556}") = "ECommerce.Inventory.Api", "ECommerce.Inventory.Api\ECommerce.Inventory.Api.csproj", "{7CF0D694-264D-4E4B-A612-225721392E7A}"
EndProject
Project("{2150E333-8FDC-42A3-9474-1A3956D46DE8}") = "Services", "Services", "{1296F4FD-0656-463D-9A2E-105E24DA7C15}"
EndProject
Project("{2150E333-8FDC-42A3-9474-1A3956D46DE8}") = "Inventory", "Inventory", "{787F8082-DAD7-4305-B0E0-92C104B42595}"
EndProject
Project("{9A19103F-16F7-4668-BE54-9A1E7A4F7556}") = "ECommerce.Inventory.Domain", "ECommerce.Inventory.Domain\ECommerce.Inventory.Domain.csproj", "{F92DAF3B-2F7D-448A-9960-A40A41AD047B}"
EndProject
Project("{9A19103F-16F7-4668-BE54-9A1E7A4F7556}") = "ECommerce.Inventory.Infrastructure", "ECommerce.Inventory.Infrastructure\ECommerce.Inventory.Infrastructure.csproj", "{D75C25C0-0D5F-4AFC-8B27-4D7CA730D292}"
EndProject
Project("{2150E333-8FDC-42A3-9474-1A3956D46DE8}") = "BuildingBlocks", "BuildingBlocks", "{F95D6AB5-8D07-49F0-9D92-027241D01E2F}"
EndProject
Project("{9A19103F-16F7-4668-BE54-9A1E7A4F7556}") = "ECommerce.SeedWork", "ECommerce.SeedWork\ECommerce.SeedWork.csproj", "{EF868FEC-8855-4460-8B7A-57FF06155F46}"
EndProject
Project("{2150E333-8FDC-42A3-9474-1A3956D46DE8}") = "Ordering", "Ordering", "{7F88474A-E28A-40F0-9F96-91E48C953770}"
EndProject
Project("{9A19103F-16F7-4668-BE54-9A1E7A4F7556}") = "ECommerce.Ordering.Api", "ECommerce.Ordering.Api\ECommerce.Ordering.Api.csproj", "{17DA4016-49D1-4CB0-9AE6-5510B2EC36A8}"
EndProject
Project("{9A19103F-16F7-4668-BE54-9A1E7A4F7556}") = "ECommerce.Ordering.Domain", "ECommerce.Ordering.Domain\ECommerce.Ordering.Domain.csproj", "{81A89E77-E435-4828-B983-6EE9361F2B6E}"
EndProject
Project("{9A19103F-16F7-4668-BE54-9A1E7A4F7556}") = "ECommerce.Ordering.Infrastructure", "ECommerce.Ordering.Infrastructure\ECommerce.Ordering.Infrastructure.csproj", "{432014A6-2678-4F54-A7E4-3F0210B227CB}"
EndProject
Project("{9A19103F-16F7-4668-BE54-9A1E7A4F7556}") = "ECommerce.ExternalHandlers", "ECommerce.ExternalHandlers\ECommerce.ExternalHandlers.csproj", "{149978C4-B330-43A4-97E3-56E35A701D37}"
EndProject
Project("{9A19103F-16F7-4668-BE54-9A1E7A4F7556}") = "ECommerce.Extensions", "ECommerce.Extensions\ECommerce.Extensions.csproj", "{2867E82A-6C79-4B9F-BCEE-C805420701F9}"
EndProject
Project("{2150E333-8FDC-42A3-9474-1A3956D46DE8}") = "Location", "Location", "{E4B904D3-5F83-4036-BA55-77A3F5CCDAE2}"
EndProject
Project("{FAE04EC0-301F-11D3-BF4B-00C04F79EFBC}") = "ECommerce.Location.Api", "ECommerce.Location.Api\ECommerce.Location.Api.csproj", "{2D50A30F-F109-4C83-845F-C1E7EC2A9EEE}"
EndProject
Global
	GlobalSection(SolutionConfigurationPlatforms) = preSolution
		Debug|Any CPU = Debug|Any CPU
		Release|Any CPU = Release|Any CPU
	EndGlobalSection
	GlobalSection(ProjectConfigurationPlatforms) = postSolution
		{7CF0D694-264D-4E4B-A612-225721392E7A}.Debug|Any CPU.ActiveCfg = Debug|Any CPU
		{7CF0D694-264D-4E4B-A612-225721392E7A}.Debug|Any CPU.Build.0 = Debug|Any CPU
		{7CF0D694-264D-4E4B-A612-225721392E7A}.Release|Any CPU.ActiveCfg = Release|Any CPU
		{7CF0D694-264D-4E4B-A612-225721392E7A}.Release|Any CPU.Build.0 = Release|Any CPU
		{F92DAF3B-2F7D-448A-9960-A40A41AD047B}.Debug|Any CPU.ActiveCfg = Debug|Any CPU
		{F92DAF3B-2F7D-448A-9960-A40A41AD047B}.Debug|Any CPU.Build.0 = Debug|Any CPU
		{F92DAF3B-2F7D-448A-9960-A40A41AD047B}.Release|Any CPU.ActiveCfg = Release|Any CPU
		{F92DAF3B-2F7D-448A-9960-A40A41AD047B}.Release|Any CPU.Build.0 = Release|Any CPU
		{D75C25C0-0D5F-4AFC-8B27-4D7CA730D292}.Debug|Any CPU.ActiveCfg = Debug|Any CPU
		{D75C25C0-0D5F-4AFC-8B27-4D7CA730D292}.Debug|Any CPU.Build.0 = Debug|Any CPU
		{D75C25C0-0D5F-4AFC-8B27-4D7CA730D292}.Release|Any CPU.ActiveCfg = Release|Any CPU
		{D75C25C0-0D5F-4AFC-8B27-4D7CA730D292}.Release|Any CPU.Build.0 = Release|Any CPU
		{EF868FEC-8855-4460-8B7A-57FF06155F46}.Debug|Any CPU.ActiveCfg = Debug|Any CPU
		{EF868FEC-8855-4460-8B7A-57FF06155F46}.Debug|Any CPU.Build.0 = Debug|Any CPU
		{EF868FEC-8855-4460-8B7A-57FF06155F46}.Release|Any CPU.ActiveCfg = Release|Any CPU
		{EF868FEC-8855-4460-8B7A-57FF06155F46}.Release|Any CPU.Build.0 = Release|Any CPU
		{17DA4016-49D1-4CB0-9AE6-5510B2EC36A8}.Debug|Any CPU.ActiveCfg = Debug|Any CPU
		{17DA4016-49D1-4CB0-9AE6-5510B2EC36A8}.Debug|Any CPU.Build.0 = Debug|Any CPU
		{17DA4016-49D1-4CB0-9AE6-5510B2EC36A8}.Release|Any CPU.ActiveCfg = Release|Any CPU
		{17DA4016-49D1-4CB0-9AE6-5510B2EC36A8}.Release|Any CPU.Build.0 = Release|Any CPU
		{81A89E77-E435-4828-B983-6EE9361F2B6E}.Debug|Any CPU.ActiveCfg = Debug|Any CPU
		{81A89E77-E435-4828-B983-6EE9361F2B6E}.Debug|Any CPU.Build.0 = Debug|Any CPU
		{81A89E77-E435-4828-B983-6EE9361F2B6E}.Release|Any CPU.ActiveCfg = Release|Any CPU
		{81A89E77-E435-4828-B983-6EE9361F2B6E}.Release|Any CPU.Build.0 = Release|Any CPU
		{432014A6-2678-4F54-A7E4-3F0210B227CB}.Debug|Any CPU.ActiveCfg = Debug|Any CPU
		{432014A6-2678-4F54-A7E4-3F0210B227CB}.Debug|Any CPU.Build.0 = Debug|Any CPU
		{432014A6-2678-4F54-A7E4-3F0210B227CB}.Release|Any CPU.ActiveCfg = Release|Any CPU
		{432014A6-2678-4F54-A7E4-3F0210B227CB}.Release|Any CPU.Build.0 = Release|Any CPU
		{149978C4-B330-43A4-97E3-56E35A701D37}.Debug|Any CPU.ActiveCfg = Debug|Any CPU
		{149978C4-B330-43A4-97E3-56E35A701D37}.Debug|Any CPU.Build.0 = Debug|Any CPU
		{149978C4-B330-43A4-97E3-56E35A701D37}.Release|Any CPU.ActiveCfg = Release|Any CPU
		{149978C4-B330-43A4-97E3-56E35A701D37}.Release|Any CPU.Build.0 = Release|Any CPU
		{2867E82A-6C79-4B9F-BCEE-C805420701F9}.Debug|Any CPU.ActiveCfg = Debug|Any CPU
		{2867E82A-6C79-4B9F-BCEE-C805420701F9}.Debug|Any CPU.Build.0 = Debug|Any CPU
		{2867E82A-6C79-4B9F-BCEE-C805420701F9}.Release|Any CPU.ActiveCfg = Release|Any CPU
		{2867E82A-6C79-4B9F-BCEE-C805420701F9}.Release|Any CPU.Build.0 = Release|Any CPU
		{2D50A30F-F109-4C83-845F-C1E7EC2A9EEE}.Debug|Any CPU.ActiveCfg = Debug|Any CPU
		{2D50A30F-F109-4C83-845F-C1E7EC2A9EEE}.Debug|Any CPU.Build.0 = Debug|Any CPU
		{2D50A30F-F109-4C83-845F-C1E7EC2A9EEE}.Release|Any CPU.ActiveCfg = Release|Any CPU
		{2D50A30F-F109-4C83-845F-C1E7EC2A9EEE}.Release|Any CPU.Build.0 = Release|Any CPU
	EndGlobalSection
	GlobalSection(SolutionProperties) = preSolution
		HideSolutionNode = FALSE
	EndGlobalSection
	GlobalSection(NestedProjects) = preSolution
		{7CF0D694-264D-4E4B-A612-225721392E7A} = {787F8082-DAD7-4305-B0E0-92C104B42595}
		{787F8082-DAD7-4305-B0E0-92C104B42595} = {1296F4FD-0656-463D-9A2E-105E24DA7C15}
		{F92DAF3B-2F7D-448A-9960-A40A41AD047B} = {787F8082-DAD7-4305-B0E0-92C104B42595}
		{D75C25C0-0D5F-4AFC-8B27-4D7CA730D292} = {787F8082-DAD7-4305-B0E0-92C104B42595}
		{EF868FEC-8855-4460-8B7A-57FF06155F46} = {F95D6AB5-8D07-49F0-9D92-027241D01E2F}
		{7F88474A-E28A-40F0-9F96-91E48C953770} = {1296F4FD-0656-463D-9A2E-105E24DA7C15}
		{17DA4016-49D1-4CB0-9AE6-5510B2EC36A8} = {7F88474A-E28A-40F0-9F96-91E48C953770}
		{81A89E77-E435-4828-B983-6EE9361F2B6E} = {7F88474A-E28A-40F0-9F96-91E48C953770}
		{432014A6-2678-4F54-A7E4-3F0210B227CB} = {7F88474A-E28A-40F0-9F96-91E48C953770}
		{149978C4-B330-43A4-97E3-56E35A701D37} = {F95D6AB5-8D07-49F0-9D92-027241D01E2F}
		{2867E82A-6C79-4B9F-BCEE-C805420701F9} = {F95D6AB5-8D07-49F0-9D92-027241D01E2F}
		{E4B904D3-5F83-4036-BA55-77A3F5CCDAE2} = {1296F4FD-0656-463D-9A2E-105E24DA7C15}
		{2D50A30F-F109-4C83-845F-C1E7EC2A9EEE} = {E4B904D3-5F83-4036-BA55-77A3F5CCDAE2}
	EndGlobalSection
	GlobalSection(ExtensibilityGlobals) = postSolution
		SolutionGuid = {B04A54F6-493D-407B-9763-34293BD3166C}
	EndGlobalSection
EndGlobal
